#
# This file is autogenerated by pip-compile with Python 3.11
# by the following command:
#
#    pip-compile --no-index --output-file=/workspace/MASA/requirements.txt.lock /workspace/MASA/pyproject.toml
#
backports-tarfile==1.2.0
    # via jaraco-context
cffi==2.1.1
    # via cryptography
cryptography==50.0.1
    # via secretstorage
importlib-metadata==9.0.1
    # via keyring
jaraco-classes==3.4.0
    # via keyring
jaraco-context==6.1.2
    # via keyring
jaraco-functools==4.6.0
    # via keyring
jeepney==0.9.0
    # via
    #   keyring
    #   secretstorage
keyring==25.7.0
    # via masa-framework (/workspace/MASA/pyproject.toml)
more-itertools==11.1.0
    # via
    #   jaraco-classes
    #   jaraco-functools
pycparser==3.0
    # via cffi
redis==8.1.0
    # via masa-framework (/workspace/MASA/pyproject.toml)
secretstorage==3.5.0
    # via keyring
zipp==4.1.0
    # via importlib-metadata
